PODS:
  - Realm (2.10.0):
    - Realm/Headers (= 2.10.0)
  - Realm/Headers (2.10.0)
  - RealmSwift (2.10.0):
    - Realm (= 2.10.0)

DEPENDENCIES:
  - RealmSwift (= 2.10.0)

SPEC REPOS:
  trunk:
    - Realm
    - RealmSwift

SPEC CHECKSUMS:
  Realm: 98b3a25643cf6b3e07d2b99fb43fe0eb9c801dec
  RealmSwift: 34073ad3a31232bbaf7c0db898c037940284cba2

PODFILE CHECKSUM: 5444f4296f5a6af57c6264b47ca8c1c8a570f47c

COCOAPODS: 1.10.1
